
Microsoft Visual Studio Solution File, Format Version 12.00
# Visual Studio Version 16
VisualStudioVersion = 16.0.31624.102
MinimumVisualStudioVersion = 10.0.40219.1
Project("{FAE04EC0-301F-11D3-BF4B-00C04F79EFBC}") = "nw-fish", "nw-fish.csproj", "{92F8ED32-9149-4425-9467-7CCA565BCBB4}"
EndProject
Global
	GlobalSection(SolutionConfigurationPlatforms) = preSolution
		Debug|Any CPU = Debug|Any CPU
		Release|Any CPU = Release|Any CPU
	EndGlobalSection
	GlobalSection(ProjectConfigurationPlatforms) = postSolution
		{92F8ED32-9149-4425-9467-7CCA565BCBB4}.Debug|Any CPU.ActiveCfg = Debug|Any CPU
		{92F8ED32-9149-4425-9467-7CCA565BCBB4}.Debug|Any CPU.Build.0 = Debug|Any CPU
		{92F8ED32-9149-4425-9467-7CCA565BCBB4}.Release|Any CPU.ActiveCfg = Release|Any CPU
		{92F8ED32-9149-4425-9467-7CCA565BCBB4}.Release|Any CPU.Build.0 = Release|Any CPU
	EndGlobalSection
	GlobalSection(SolutionProperties) = preSolution
		HideSolutionNode = FALSE
	EndGlobalSection
	GlobalSection(ExtensibilityGlobals) = postSolution
		SolutionGuid = {6A4290D5-5BB7-4071-B02C-FE9D3808AA09}
	EndGlobalSection
EndGlobal
